
Microsoft Visual Studio Solution File, Format Version 12.00
# Visual Studio Version 16
VisualStudioVersion = 16.0.29709.97
MinimumVisualStudioVersion = 15.0.26124.0
Project("{2150E333-8FDC-42A3-9474-1A3956D46DE8}") = "1.0 - Presentation", "1.0 - Presentation", "{42D546DD-843A-4786-A124-BE82FCBAFE00}"
EndProject
Project("{2150E333-8FDC-42A3-9474-1A3956D46DE8}") = "4.0 - Domain", "4.0 - Domain", "{79745AAF-8438-4772-B94A-73BEA8FDCDA0}"
EndProject
Project("{2150E333-8FDC-42A3-9474-1A3956D46DE8}") = "3.0 - Application", "3.0 - Application", "{7D39F638-226D-4711-A66A-3380C4922E19}"
EndProject
Project("{2150E333-8FDC-42A3-9474-1A3956D46DE8}") = "5.0 - Infra", "5.0 - Infra", "{980B2FB6-BE31-431C-A94E-C863E1BFD40F}"
EndProject
Project("{2150E333-8FDC-42A3-9474-1A3956D46DE8}") = "5.1 - Data", "5.1 - Data", "{10C7272A-CD32-4AD6-BC9B-1FA8C1620922}"
EndProject
Project("{9A19103F-16F7-4668-BE54-9A1E7A4F7556}") = "Domain", "Domain.Core\Domain.csproj", "{940442C0-213C-454B-A6C0-A5DD562B5F65}"
EndProject
Project("{9A19103F-16F7-4668-BE54-9A1E7A4F7556}") = "Infra.Data", "Infra.Data\Infra.Data.csproj", "{C8A23B06-63EE-4BEE-9B5E-9C45312A92E4}"
EndProject
Project("{2150E333-8FDC-42A3-9474-1A3956D46DE8}") = "5.2 - CrossCutting", "5.2 - CrossCutting", "{EEB88D15-68B0-4CD4-A8F4-3BFA022642CC}"
EndProject
Project("{9A19103F-16F7-4668-BE54-9A1E7A4F7556}") = "Infra.CrossCutting.IOC", "Infra.CrossCutting.IOC\Infra.CrossCutting.IOC.csproj", "{FAB5AC8A-E2D3-4C65-B533-C44BACEEEF46}"
EndProject
Project("{9A19103F-16F7-4668-BE54-9A1E7A4F7556}") = "Infra.Data.Repository", "Infra.Data.Repository\Infra.Data.Repository.csproj", "{AFEA3749-5F96-4AC5-B29F-247D15B5FC4C}"
EndProject
Project("{9A19103F-16F7-4668-BE54-9A1E7A4F7556}") = "Application", "Application\Application.csproj", "{1AF061E2-5BC6-4E4E-8B3E-E8C6532AB902}"
EndProject
Project("{2150E333-8FDC-42A3-9474-1A3956D46DE8}") = "2.0 - Service", "2.0 - Service", "{E1F772B2-2E5C-4E2A-8642-9F8A141B4B58}"
EndProject
Global
	GlobalSection(SolutionConfigurationPlatforms) = preSolution
		Debug|Any CPU = Debug|Any CPU
		Release|Any CPU = Release|Any CPU
	EndGlobalSection
	GlobalSection(ProjectConfigurationPlatforms) = postSolution
		{940442C0-213C-454B-A6C0-A5DD562B5F65}.Debug|Any CPU.ActiveCfg = Debug|Any CPU
		{940442C0-213C-454B-A6C0-A5DD562B5F65}.Debug|Any CPU.Build.0 = Debug|Any CPU
		{940442C0-213C-454B-A6C0-A5DD562B5F65}.Release|Any CPU.ActiveCfg = Release|Any CPU
		{940442C0-213C-454B-A6C0-A5DD562B5F65}.Release|Any CPU.Build.0 = Release|Any CPU
		{C8A23B06-63EE-4BEE-9B5E-9C45312A92E4}.Debug|Any CPU.ActiveCfg = Debug|Any CPU
		{C8A23B06-63EE-4BEE-9B5E-9C45312A92E4}.Debug|Any CPU.Build.0 = Debug|Any CPU
		{C8A23B06-63EE-4BEE-9B5E-9C45312A92E4}.Release|Any CPU.ActiveCfg = Release|Any CPU
		{C8A23B06-63EE-4BEE-9B5E-9C45312A92E4}.Release|Any CPU.Build.0 = Release|Any CPU
		{FAB5AC8A-E2D3-4C65-B533-C44BACEEEF46}.Debug|Any CPU.ActiveCfg = Debug|Any CPU
		{FAB5AC8A-E2D3-4C65-B533-C44BACEEEF46}.Debug|Any CPU.Build.0 = Debug|Any CPU
		{FAB5AC8A-E2D3-4C65-B533-C44BACEEEF46}.Release|Any CPU.ActiveCfg = Release|Any CPU
		{FAB5AC8A-E2D3-4C65-B533-C44BACEEEF46}.Release|Any CPU.Build.0 = Release|Any CPU
		{AFEA3749-5F96-4AC5-B29F-247D15B5FC4C}.Debug|Any CPU.ActiveCfg = Debug|Any CPU
		{AFEA3749-5F96-4AC5-B29F-247D15B5FC4C}.Debug|Any CPU.Build.0 = Debug|Any CPU
		{AFEA3749-5F96-4AC5-B29F-247D15B5FC4C}.Release|Any CPU.ActiveCfg = Release|Any CPU
		{AFEA3749-5F96-4AC5-B29F-247D15B5FC4C}.Release|Any CPU.Build.0 = Release|Any CPU
		{1AF061E2-5BC6-4E4E-8B3E-E8C6532AB902}.Debug|Any CPU.ActiveCfg = Debug|Any CPU
		{1AF061E2-5BC6-4E4E-8B3E-E8C6532AB902}.Debug|Any CPU.Build.0 = Debug|Any CPU
		{1AF061E2-5BC6-4E4E-8B3E-E8C6532AB902}.Release|Any CPU.ActiveCfg = Release|Any CPU
		{1AF061E2-5BC6-4E4E-8B3E-E8C6532AB902}.Release|Any CPU.Build.0 = Release|Any CPU
	EndGlobalSection
	GlobalSection(SolutionProperties) = preSolution
		HideSolutionNode = FALSE
	EndGlobalSection
	GlobalSection(NestedProjects) = preSolution
		{10C7272A-CD32-4AD6-BC9B-1FA8C1620922} = {980B2FB6-BE31-431C-A94E-C863E1BFD40F}
		{940442C0-213C-454B-A6C0-A5DD562B5F65} = {79745AAF-8438-4772-B94A-73BEA8FDCDA0}
		{C8A23B06-63EE-4BEE-9B5E-9C45312A92E4} = {10C7272A-CD32-4AD6-BC9B-1FA8C1620922}
		{EEB88D15-68B0-4CD4-A8F4-3BFA022642CC} = {980B2FB6-BE31-431C-A94E-C863E1BFD40F}
		{FAB5AC8A-E2D3-4C65-B533-C44BACEEEF46} = {EEB88D15-68B0-4CD4-A8F4-3BFA022642CC}
		{AFEA3749-5F96-4AC5-B29F-247D15B5FC4C} = {10C7272A-CD32-4AD6-BC9B-1FA8C1620922}
		{1AF061E2-5BC6-4E4E-8B3E-E8C6532AB902} = {7D39F638-226D-4711-A66A-3380C4922E19}
	EndGlobalSection
	GlobalSection(ExtensibilityGlobals) = postSolution
		SolutionGuid = {CE4762A3-2608-4DA6-8E41-442488D68A01}
	EndGlobalSection
EndGlobal
